
Microsoft Visual Studio Solution File, Format Version 12.00
# Visual Studio Version 17
VisualStudioVersion = 17.7.34003.232
MinimumVisualStudioVersion = 10.0.40219.1
Project("{FAE04EC0-301F-11D3-BF4B-00C04F79EFBC}") = "ConsoleApp2", "ConsoleApp2\ConsoleApp2.csproj", "{ADE60DBF-CEEB-49DE-AEFE-C838EDA0B000}"
EndProject
Global
	GlobalSection(SolutionConfigurationPlatforms) = preSolution
		Debug|Any CPU = Debug|Any CPU
		Release|Any CPU = Release|Any CPU
	EndGlobalSection
	GlobalSection(ProjectConfigurationPlatforms) = postSolution
		{ADE60DBF-CEEB-49DE-AEFE-C838EDA0B000}.Debug|Any CPU.ActiveCfg = Debug|Any CPU
		{ADE60DBF-CEEB-49DE-AEFE-C838EDA0B000}.Debug|Any CPU.Build.0 = Debug|Any CPU
		{ADE60DBF-CEEB-49DE-AEFE-C838EDA0B000}.Release|Any CPU.ActiveCfg = Release|Any CPU
		{ADE60DBF-CEEB-49DE-AEFE-C838EDA0B000}.Release|Any CPU.Build.0 = Release|Any CPU
	EndGlobalSection
	GlobalSection(SolutionProperties) = preSolution
		HideSolutionNode = FALSE
	EndGlobalSection
	GlobalSection(ExtensibilityGlobals) = postSolution
		SolutionGuid = {AD79BCFC-7711-4407-93C9-660EA613C5D2}
	EndGlobalSection
EndGlobal
